// !$*UTF8*$!
{
	archiveVersion = 1;
	classes = {
	};
	objectVersion = 50;
	objects = {

/* Begin PBXBuildFile section */
		464EBE972646BAFD002F45DC /* AppDelegate.swift in Sources */ = {isa = PBXBuildFile; fileRef = 464EBE962646BAFD002F45DC /* AppDelegate.swift */; };
		464EBE992646BAFD002F45DC /* SceneDelegate.swift in Sources */ = {isa = PBXBuildFile; fileRef = 464EBE982646BAFD002F45DC /* SceneDelegate.swift */; };
		464EBE9B2646BAFD002F45DC /* ViewController.swift in Sources */ = {isa = PBXBuildFile; fileRef = 464EBE9A2646BAFD002F45DC /* ViewController.swift */; };
		464EBE9E2646BAFD002F45DC /* Main.storyboard in Resources */ = {isa = PBXBuildFile; fileRef = 464EBE9C2646BAFD002F45DC /* Main.storyboard */; };
		464EBEA02646BAFF002F45DC /* Assets.xcassets in Resources */ = {isa = PBXBuildFile; fileRef = 464EBE9F2646BAFF002F45DC /* Assets.xcassets */; };
		464EBEA32646BAFF002F45DC /* LaunchScreen.storyboard in Resources */ = {isa = PBXBuildFile; fileRef = 464EBEA12646BAFF002F45DC /* LaunchScreen.storyboard */; };
/* End PBXBuildFile section */

/* Begin PBXFileReference section */
		464EBE932646BAFD002F45DC /* AdBannerDemo.app */ = {isa = PBXFileReference; explicitFileType = wrapper.application; includeInIndex = 0; path = AdBannerDemo.app; sourceTree = BUILT_PRODUCTS_DIR; };
		464EBE962646BAFD002F45DC /* AppDelegate.swift */ = {isa = PBXFileReference; lastKnownFileType = sourcecode.swift; path = AppDelegate.swift; sourceTree = "<group>"; };
		464EBE982646BAFD002F45DC /* SceneDelegate.swift */ = {isa = PBXFileReference; lastKnownFileType = sourcecode.swift; path = SceneDelegate.swift; sourceTree = "<group>"; };
		464EBE9A2646BAFD002F45DC /* ViewController.swift */ = {isa = PBXFileReference; lastKnownFileType = sourcecode.swift; path = ViewController.swift; sourceTree = "<group>"; };
		464EBE9D2646BAFD002F45DC /* Base */ = {isa = PBXFileReference; lastKnownFileType = file.storyboard; name = Base; path = Base.lproj/Main.storyboard; sourceTree = "<group>"; };
		464EBE9F2646BAFF002F45DC /* Assets.xcassets */ = {isa = PBXFileReference; lastKnownFileType = folder.assetcatalog; path = Assets.xcassets; sourceTree = "<group>"; };
		464EBEA22646BAFF002F45DC /* Base */ = {isa = PBXFileReference; lastKnownFileType = file.storyboard; name = Base; path = Base.lproj/LaunchScreen.storyboard; sourceTree = "<group>"; };
		464EBEA42646BAFF002F45DC /* Info.plist */ = {isa = PBXFileReference; lastKnownFileType = text.plist.xml; path = Info.plist; sourceTree = "<group>"; };
/* End PBXFileReference section */

/* Begin PBXFrameworksBuildPhase section */
		464EBE902646BAFD002F45DC /* Frameworks */ = {
			isa = PBXFrameworksBuildPhase;
			buildActionMask = 2147483647;
			files = (
			);
			runOnlyForDeploymentPostprocessing = 0;
		};
/* End PBXFrameworksBuildPhase section */

/* Begin PBXGroup section */
		464EBE8A2646BAFD002F45DC = {
			isa = PBXGroup;
			children = (
				464EBE952646BAFD002F45DC /* AdBannerDemo */,
				464EBE942646BAFD002F45DC /* Products */,
			);
			sourceTree = "<group>";
		};
		464EBE942646BAFD002F45DC /* Products */ = {
			isa = PBXGroup;
			children = (
				464EBE932646BAFD002F45DC /* AdBannerDemo.app */,
			);
			name = Products;
			sourceTree = "<group>";
		};
		464EBE952646BAFD002F45DC /* AdBannerDemo */ = {
			isa = PBXGroup;
			children = (
				464EBE962646BAFD002F45DC /* AppDelegate.swift */,
				464EBE982646BAFD002F45DC /* SceneDelegate.swift */,
				464EBE9A2646BAFD002F45DC /* ViewController.swift */,
				464EBE9C2646BAFD002F45DC /* Main.storyboard */,
				464EBE9F2646BAFF002F45DC /* Assets.xcassets */,
				464EBEA12646BAFF002F45DC /* LaunchScreen.storyboard */,
				464EBEA42646BAFF002F45DC /* Info.plist */,
			);
			path = AdBannerDemo;
			sourceTree = "<group>";
		};
/* End PBXGroup section */

/* Begin PBXNativeTarget section */
		464EBE922646BAFD002F45DC /* AdBannerDemo */ = {
			isa = PBXNativeTarget;
			buildConfigurationList = 464EBEA72646BAFF002F45DC /* Build configuration list for PBXNativeTarget "AdBannerDemo" */;
			buildPhases = (
				464EBE8F2646BAFD002F45DC /* Sources */,
				464EBE902646BAFD002F45DC /* Frameworks */,
				464EBE912646BAFD002F45DC /* Resources */,
			);
			buildRules = (
			);
			dependencies = (
			);
			name = AdBannerDemo;
			productName = AdBannerDemo;
			productReference = 464EBE932646BAFD002F45DC /* AdBannerDemo.app */;
			productType = "com.apple.product-type.application";
		};
/* End PBXNativeTarget section */

/* Begin PBXProject section */
		464EBE8B2646BAFD002F45DC /* Project object */ = {
			isa = PBXProject;
			attributes = {
				LastSwiftUpdateCheck = 1240;
				LastUpgradeCheck = 1240;
				TargetAttributes = {
					464EBE922646BAFD002F45DC = {
						CreatedOnToolsVersion = 12.4;
					};
				};
			};
			buildConfigurationList = 464EBE8E2646BAFD002F45DC /* Build configuration list for PBXProject "AdBannerDemo" */;
			compatibilityVersion = "Xcode 9.3";
			developmentRegion = en;
			hasScannedForEncodings = 0;
			knownRegions = (
				en,
				Base,
			);
			mainGroup = 464EBE8A2646BAFD002F45DC;
			productRefGroup = 464EBE942646BAFD002F45DC /* Products */;
			projectDirPath = "";
			projectRoot = "";
			targets = (
				464EBE922646BAFD002F45DC /* AdBannerDemo */,
			);
		};
/* End PBXProject section */

/* Begin PBXResourcesBuildPhase section */
		464EBE912646BAFD002F45DC /* Resources */ = {
			isa = PBXResourcesBuildPhase;
			buildActionMask = 2147483647;
			files = (
				464EBEA32646BAFF002F45DC /* LaunchScreen.storyboard in Resources */,
				464EBEA02646BAFF002F45DC /* Assets.xcassets in Resources */,
				464EBE9E2646BAFD002F45DC /* Main.storyboard in Resources */,
			);
			runOnlyForDeploymentPostprocessing = 0;
		};
/* End PBXResourcesBuildPhase section */

/* Begin PBXSourcesBuildPhase section */
		464EBE8F2646BAFD002F45DC /* Sources */ = {
			isa = PBXSourcesBuildPhase;
			buildActionMask = 2147483647;
			files = (
				464EBE9B2646BAFD002F45DC /* ViewController.swift in Sources */,
				464EBE972646BAFD002F45DC /* AppDelegate.swift in Sources */,
				464EBE992646BAFD002F45DC /* SceneDelegate.swift in Sources */,
			);
			runOnlyForDeploymentPostprocessing = 0;
		};
/* End PBXSourcesBuildPhase section */

/* Begin PBXVariantGroup section */
		464EBE9C2646BAFD002F45DC /* Main.storyboard */ = {
			isa = PBXVariantGroup;
			children = (
				464EBE9D2646BAFD002F45DC /* Base */,
			);
			name = Main.storyboard;
			sourceTree = "<group>";
		};
		464EBEA12646BAFF002F45DC /* LaunchScreen.storyboard */ = {
			isa = PBXVariantGroup;
			children = (
				464EBEA22646BAFF002F45DC /* Base */,
			);
			name = LaunchScreen.storyboard;
			sourceTree = "<group>";
		};
/* End PBXVariantGroup section */

/* Begin XCBuildConfiguration section */
		464EBEA52646BAFF002F45DC /* Debug */ = {
			isa = XCBuildConfiguration;
			buildSettings = {
				ALWAYS_SEARCH_USER_PATHS = NO;
				CLANG_ANALYZER_NONNULL = YES;
				CLANG_ANALYZER_NUMBER_OBJECT_CONVERSION = YES_AGGRESSIVE;
				CLANG_CXX_LANGUAGE_STANDARD = "gnu++14";
				CLANG_CXX_LIBRARY = "libc++";
				CLANG_ENABLE_MODULES = YES;
				CLANG_ENABLE_OBJC_ARC = YES;
				CLANG_ENABLE_OBJC_WEAK = YES;
				CLANG_WARN_BLOCK_CAPTURE_AUTORELEASING = YES;
				CLANG_WARN_BOOL_CONVERSION = YES;
				CLANG_WARN_COMMA = YES;
				CLANG_WARN_CONSTANT_CONVERSION = YES;
				CLANG_WARN_DEPRECATED_OBJC_IMPLEMENTATIONS = YES;
				CLANG_WARN_DIRECT_OBJC_ISA_USAGE = YES_ERROR;
				CLANG_WARN_DOCUMENTATION_COMMENTS = YES;
				CLANG_WARN_EMPTY_BODY = YES;
				CLANG_WARN_ENUM_CONVERSION = YES;
				CLANG_WARN_INFINITE_RECURSION = YES;
				CLANG_WARN_INT_CONVERSION = YES;
				CLANG_WARN_NON_LITERAL_NULL_CONVERSION = YES;
				CLANG_WARN_OBJC_IMPLICIT_RETAIN_SELF = YES;
				CLANG_WARN_OBJC_LITERAL_CONVERSION = YES;
				CLANG_WARN_OBJC_ROOT_CLASS = YES_ERROR;
				CLANG_WARN_QUOTED_INCLUDE_IN_FRAMEWORK_HEADER = YES;
				CLANG_WARN_RANGE_LOOP_ANALYSIS = YES;
				CLANG_WARN_STRICT_PROTOTYPES = YES;
				CLANG_WARN_SUSPICIOUS_MOVE = YES;
				CLANG_WARN_UNGUARDED_AVAILABILITY = YES_AGGRESSIVE;
				CLANG_WARN_UNREACHABLE_CODE = YES;
				CLANG_WARN__DUPLICATE_METHOD_MATCH = YES;
				COPY_PHASE_STRIP = NO;
				DEBUG_INFORMATION_FORMAT = dwarf;
				ENABLE_STRICT_OBJC_MSGSEND = YES;
				ENABLE_TESTABILITY = YES;
				GCC_C_LANGUAGE_STANDARD = gnu11;
				GCC_DYNAMIC_NO_PIC = NO;
				GCC_NO_COMMON_BLOCKS = YES;
				GCC_OPTIMIZATION_LEVEL = 0;
				GCC_PREPROCESSOR_DEFINITIONS = (
					"DEBUG=1",
					"$(inherited)",
				);
				GCC_WARN_64_TO_32_BIT_CONVERSION = YES;
				GCC_WARN_ABOUT_RETURN_TYPE = YES_ERROR;
				GCC_WARN_UNDECLARED_SELECTOR = YES;
				GCC_WARN_UNINITIALIZED_AUTOS = YES_AGGRESSIVE;
				GCC_WARN_UNUSED_FUNCTION = YES;
				GCC_WARN_UNUSED_VARIABLE = YES;
				IPHONEOS_DEPLOYMENT_TARGET = 14.4;
				MTL_ENABLE_DEBUG_INFO = INCLUDE_SOURCE;
				MTL_FAST_MATH = YES;
				ONLY_ACTIVE_ARCH = YES;
				SDKROOT = iphoneos;
				SWIFT_ACTIVE_COMPILATION_CONDITIONS = DEBUG;
				SWIFT_OPTIMIZATION_LEVEL = "-Onone";
			};
			name = Debug;
		};
		464EBEA62646BAFF002F45DC /* Release */ = {
			isa = XCBuildConfiguration;
			buildSettings = {
				ALWAYS_SEARCH_USER_PATHS = NO;
				CLANG_ANALYZER_NONNULL = YES;
				CLANG_ANALYZER_NUMBER_OBJECT_CONVERSION = YES_AGGRESSIVE;
				CLANG_CXX_LANGUAGE_STANDARD = "gnu++14";
				CLANG_CXX_LIBRARY = "libc++";
				CLANG_ENABLE_MODULES = YES;
				CLANG_ENABLE_OBJC_ARC = YES;
				CLANG_ENABLE_OBJC_WEAK = YES;
				CLANG_WARN_BLOCK_CAPTURE_AUTORELEASING = YES;
				CLANG_WARN_BOOL_CONVERSION = YES;
				CLANG_WARN_COMMA = YES;
				CLANG_WARN_CONSTANT_CONVERSION = YES;
				CLANG_WARN_DEPRECATED_OBJC_IMPLEMENTATIONS = YES;
				CLANG_WARN_DIRECT_OBJC_ISA_USAGE = YES_ERROR;
				CLANG_WARN_DOCUMENTATION_COMMENTS = YES;
				CLANG_WARN_EMPTY_BODY = YES;
				CLANG_WARN_ENUM_CONVERSION = YES;
				CLANG_WARN_INFINITE_RECURSION = YES;
				CLANG_WARN_INT_CONVERSION = YES;
				CLANG_WARN_NON_LITERAL_NULL_CONVERSION = YES;
				CLANG_WARN_OBJC_IMPLICIT_RETAIN_SELF = YES;
				CLANG_WARN_OBJC_LITERAL_CONVERSION = YES;
				CLANG_WARN_OBJC_ROOT_CLASS = YES_ERROR;
				CLANG_WARN_QUOTED_INCLUDE_IN_FRAMEWORK_HEADER = YES;
				CLANG_WARN_RANGE_LOOP_ANALYSIS = YES;
				CLANG_WARN_STRICT_PROTOTYPES = YES;
				CLANG_WARN_SUSPICIOUS_MOVE = YES;
				CLANG_WARN_UNGUARDED_AVAILABILITY = YES_AGGRESSIVE;
				CLANG_WARN_UNREACHABLE_CODE = YES;
				CLANG_WARN__DUPLICATE_METHOD_MATCH = YES;
				COPY_PHASE_STRIP = NO;
				DEBUG_INFORMATION_FORMAT = "dwarf-with-dsym";
				ENABLE_NS_ASSERTIONS = NO;
				ENABLE_STRICT_OBJC_MSGSEND = YES;
				GCC_C_LANGUAGE_STANDARD = gnu11;
				GCC_NO_COMMON_BLOCKS = YES;
				GCC_WARN_64_TO_32_BIT_CONVERSION = YES;
				GCC_WARN_ABOUT_RETURN_TYPE = YES_ERROR;
				GCC_WARN_UNDECLARED_SELECTOR = YES;
				GCC_WARN_UNINITIALIZED_AUTOS = YES_AGGRESSIVE;
				GCC_WARN_UNUSED_FUNCTION = YES;
				GCC_WARN_UNUSED_VARIABLE = YES;
				IPHONEOS_DEPLOYMENT_TARGET = 14.4;
				MTL_ENABLE_DEBUG_INFO = NO;
				MTL_FAST_MATH = YES;
				SDKROOT = iphoneos;
				SWIFT_COMPILATION_MODE = wholemodule;
				SWIFT_OPTIMIZATION_LEVEL = "-O";
				VALIDATE_PRODUCT = YES;
			};
			name = Release;
		};
		464EBEA82646BAFF002F45DC /* Debug */ = {
			isa = XCBuildConfiguration;
			buildSettings = {
				ASSETCATALOG_COMPILER_APPICON_NAME = AppIcon;
				ASSETCATALOG_COMPILER_GLOBAL_ACCENT_COLOR_NAME = AccentColor;
				CODE_SIGN_STYLE = Automatic;
				DEVELOPMENT_TEAM = TYC5BK4Q43;
				INFOPLIST_FILE = AdBannerDemo/Info.plist;
				LD_RUNPATH_SEARCH_PATHS = (
					"$(inherited)",
					"@executable_path/Frameworks",
				);
				PRODUCT_BUNDLE_IDENTIFIER = com.WSP.AdBannerDemo;
				PRODUCT_NAME = "$(TARGET_NAME)";
				SWIFT_VERSION = 5.0;
				TARGETED_DEVICE_FAMILY = "1,2";
			};
			name = Debug;
		};
		464EBEA92646BAFF002F45DC /* Release */ = {
			isa = XCBuildConfiguration;
			buildSettings = {
				ASSETCATALOG_COMPILER_APPICON_NAME = AppIcon;
				ASSETCATALOG_COMPILER_GLOBAL_ACCENT_COLOR_NAME = AccentColor;
				CODE_SIGN_STYLE = Automatic;
				DEVELOPMENT_TEAM = TYC5BK4Q43;
				INFOPLIST_FILE = AdBannerDemo/Info.plist;
				LD_RUNPATH_SEARCH_PATHS = (
					"$(inherited)",
					"@executable_path/Frameworks",
				);
				PRODUCT_BUNDLE_IDENTIFIER = com.WSP.AdBannerDemo;
				PRODUCT_NAME = "$(TARGET_NAME)";
				SWIFT_VERSION = 5.0;
				TARGETED_DEVICE_FAMILY = "1,2";
			};
			name = Release;
		};
/* End XCBuildConfiguration section */

/* Begin XCConfigurationList section */
		464EBE8E2646BAFD002F45DC /* Build configuration list for PBXProject "AdBannerDemo" */ = {
			isa = XCConfigurationList;
			buildConfigurations = (
				464EBEA52646BAFF002F45DC /* Debug */,
				464EBEA62646BAFF002F45DC /* Release */,
			);
			defaultConfigurationIsVisible = 0;
			defaultConfigurationName = Release;
		};
		464EBEA72646BAFF002F45DC /* Build configuration list for PBXNativeTarget "AdBannerDemo" */ = {
			isa = XCConfigurationList;
			buildConfigurations = (
				464EBEA82646BAFF002F45DC /* Debug */,
				464EBEA92646BAFF002F45DC /* Release */,
			);
			defaultConfigurationIsVisible = 0;
			defaultConfigurationName = Release;
		};
/* End XCConfigurationList section */
	};
	rootObject = 464EBE8B2646BAFD002F45DC /* Project object */;
}
